// !$*UTF8*$!
{
	archiveVersion = 1;
	classes = {
	};
	objectVersion = 46;
	objects = {

/* Begin PBXBuildFile section */
		031CD6921C721520002523B4 /* invitations.json in Resources */ = {isa = PBXBuildFile; fileRef = 031CD6911C721520002523B4 /* invitations.json */; };
		031CD6941C72158D002523B4 /* InvitationTests.swift in Sources */ = {isa = PBXBuildFile; fileRef = 031CD6931C72158D002523B4 /* InvitationTests.swift */; };
		031CD6961C7215C0002523B4 /* invitation.json in Resources */ = {isa = PBXBuildFile; fileRef = 031CD6951C7215C0002523B4 /* invitation.json */; };
		034447C81C6CC7B000363454 /* users.json in Resources */ = {isa = PBXBuildFile; fileRef = 034447C61C6CC6DB00363454 /* users.json */; };
		034447D01C6CCBBB00363454 /* smartConnects.json in Resources */ = {isa = PBXBuildFile; fileRef = 034447CF1C6CCBBB00363454 /* smartConnects.json */; };
		034447D21C6CCD3F00363454 /* businesses.json in Resources */ = {isa = PBXBuildFile; fileRef = 034447D11C6CCD3F00363454 /* businesses.json */; };
		034447D41C6CCE0200363454 /* conversations.json in Resources */ = {isa = PBXBuildFile; fileRef = 034447D31C6CCE0200363454 /* conversations.json */; };
		034447DF1C6CD22B00363454 /* messages.json in Resources */ = {isa = PBXBuildFile; fileRef = 034447DD1C6CD1C100363454 /* messages.json */; };
		034447E11C6CD23A00363454 /* MessageTests.swift in Sources */ = {isa = PBXBuildFile; fileRef = 034447E01C6CD23A00363454 /* MessageTests.swift */; };
		034447E31C6CD26800363454 /* message.json in Resources */ = {isa = PBXBuildFile; fileRef = 034447E21C6CD26800363454 /* message.json */; };
		034447E91C6CF30900363454 /* SmoopeSDK.podspec in Resources */ = {isa = PBXBuildFile; fileRef = 034447E81C6CF30900363454 /* SmoopeSDK.podspec */; };
		03D8F24A1C6C618200EB3425 /* business.json in Resources */ = {isa = PBXBuildFile; fileRef = 03D8F2431C6C614D00EB3425 /* business.json */; };
		03D8F24B1C6C618500EB3425 /* BusinessTests.swift in Sources */ = {isa = PBXBuildFile; fileRef = 03D8F2441C6C614D00EB3425 /* BusinessTests.swift */; };
		03D8F24F1C6C63E500EB3425 /* BaseTests.swift in Sources */ = {isa = PBXBuildFile; fileRef = 03D8F24E1C6C63E500EB3425 /* BaseTests.swift */; };
		03D8F2511C6C7CEC00EB3425 /* NOTICE in Resources */ = {isa = PBXBuildFile; fileRef = 03D8F2501C6C7CEC00EB3425 /* NOTICE */; };
		03D8F25D1C6C85B800EB3425 /* ConversationTests.swift in Sources */ = {isa = PBXBuildFile; fileRef = 03D8F25C1C6C85B800EB3425 /* ConversationTests.swift */; };
		03D8F2601C6C868300EB3425 /* conversation.json in Resources */ = {isa = PBXBuildFile; fileRef = 03D8F25A1C6C855A00EB3425 /* conversation.json */; };
		03D8F26A1C6C8E4A00EB3425 /* UserTests.swift in Sources */ = {isa = PBXBuildFile; fileRef = 03D8F2691C6C8E4A00EB3425 /* UserTests.swift */; };
		03D8F26B1C6C8E7200EB3425 /* user.json in Resources */ = {isa = PBXBuildFile; fileRef = 03D8F2671C6C8E1C00EB3425 /* user.json */; };
		03D8F26F1C6C8FA000EB3425 /* smartConnect.json in Resources */ = {isa = PBXBuildFile; fileRef = 03D8F26E1C6C8FA000EB3425 /* smartConnect.json */; };
		03D8F2711C6C901200EB3425 /* SmartConnectTests.swift in Sources */ = {isa = PBXBuildFile; fileRef = 03D8F2701C6C901200EB3425 /* SmartConnectTests.swift */; };
		03D8F2771C6C919100EB3425 /* bot.json in Resources */ = {isa = PBXBuildFile; fileRef = 03D8F2761C6C919100EB3425 /* bot.json */; };
		03D8F2791C6C91AB00EB3425 /* BotTests.swift in Sources */ = {isa = PBXBuildFile; fileRef = 03D8F2781C6C91AB00EB3425 /* BotTests.swift */; };
		03D8F27D1C6CA28D00EB3425 /* person.json in Resources */ = {isa = PBXBuildFile; fileRef = 03D8F27C1C6CA28D00EB3425 /* person.json */; };
		03D8F27F1C6CA2E900EB3425 /* PersonTests.swift in Sources */ = {isa = PBXBuildFile; fileRef = 03D8F27E1C6CA2E900EB3425 /* PersonTests.swift */; };
		03D8F2831C6CAFFF00EB3425 /* notificationSettings.json in Resources */ = {isa = PBXBuildFile; fileRef = 03D8F2821C6CAFFF00EB3425 /* notificationSettings.json */; };
		03D8F2851C6CB01D00EB3425 /* NotificationSettingsTest.swift in Sources */ = {isa = PBXBuildFile; fileRef = 03D8F2841C6CB01D00EB3425 /* NotificationSettingsTest.swift */; };
		03E55F6D1C7C83730088008F /* UserMetadataTests.swift in Sources */ = {isa = PBXBuildFile; fileRef = 03E55F6C1C7C83730088008F /* UserMetadataTests.swift */; };
		03E55F701C7C84450088008F /* userMetadata.json in Resources */ = {isa = PBXBuildFile; fileRef = 03E55F6E1C7C84420088008F /* userMetadata.json */; };
		24F9D6F8E73116E965F7D60C /* Pods_ios_sdk_Tests.framework in Frameworks */ = {isa = PBXBuildFile; fileRef = 651FBBFED78E898193D6D411 /* Pods_ios_sdk_Tests.framework */; };
		607FACD61AFB9204008FA782 /* AppDelegate.swift in Sources */ = {isa = PBXBuildFile; fileRef = 607FACD51AFB9204008FA782 /* AppDelegate.swift */; };
		607FACD81AFB9204008FA782 /* ViewController.swift in Sources */ = {isa = PBXBuildFile; fileRef = 607FACD71AFB9204008FA782 /* ViewController.swift */; };
		607FACDB1AFB9204008FA782 /* Main.storyboard in Resources */ = {isa = PBXBuildFile; fileRef = 607FACD91AFB9204008FA782 /* Main.storyboard */; };
		607FACDD1AFB9204008FA782 /* Images.xcassets in Resources */ = {isa = PBXBuildFile; fileRef = 607FACDC1AFB9204008FA782 /* Images.xcassets */; };
		607FACE01AFB9204008FA782 /* LaunchScreen.xib in Resources */ = {isa = PBXBuildFile; fileRef = 607FACDE1AFB9204008FA782 /* LaunchScreen.xib */; };
		79B89A946F94F10AA17E4967 /* Pods.framework in Frameworks */ = {isa = PBXBuildFile; fileRef = F0AB0D201D97974F5AABF3AD /* Pods.framework */; };
		E89D69743F4838A8299CD5E8 /* Pods_ios_sdk_Example.framework in Frameworks */ = {isa = PBXBuildFile; fileRef = EAAD529B037363473E3FC24B /* Pods_ios_sdk_Example.framework */; };
/* End PBXBuildFile section */

/* Begin PBXContainerItemProxy section */
		607FACE61AFB9204008FA782 /* PBXContainerItemProxy */ = {
			isa = PBXContainerItemProxy;
			containerPortal = 607FACC81AFB9204008FA782 /* Project object */;
			proxyType = 1;
			remoteGlobalIDString = 607FACCF1AFB9204008FA782;
			remoteInfo = "ios-sdk";
		};
/* End PBXContainerItemProxy section */

/* Begin PBXFileReference section */
		031CD6911C721520002523B4 /* invitations.json */ = {isa = PBXFileReference; fileEncoding = 4; lastKnownFileType = text.json; path = invitations.json; sourceTree = "<group>"; };
		031CD6931C72158D002523B4 /* InvitationTests.swift */ = {isa = PBXFileReference; fileEncoding = 4; lastKnownFileType = sourcecode.swift; path = InvitationTests.swift; sourceTree = "<group>"; };
		031CD6951C7215C0002523B4 /* invitation.json */ = {isa = PBXFileReference; fileEncoding = 4; lastKnownFileType = text.json; path = invitation.json; sourceTree = "<group>"; };
		034447C61C6CC6DB00363454 /* users.json */ = {isa = PBXFileReference; fileEncoding = 4; lastKnownFileType = text.json; path = users.json; sourceTree = "<group>"; };
		034447CF1C6CCBBB00363454 /* smartConnects.json */ = {isa = PBXFileReference; fileEncoding = 4; lastKnownFileType = text.json; path = smartConnects.json; sourceTree = "<group>"; };
		034447D11C6CCD3F00363454 /* businesses.json */ = {isa = PBXFileReference; fileEncoding = 4; lastKnownFileType = text.json; path = businesses.json; sourceTree = "<group>"; };
		034447D31C6CCE0200363454 /* conversations.json */ = {isa = PBXFileReference; fileEncoding = 4; lastKnownFileType = text.json; path = conversations.json; sourceTree = "<group>"; };
		034447DD1C6CD1C100363454 /* messages.json */ = {isa = PBXFileReference; fileEncoding = 4; lastKnownFileType = text.json; path = messages.json; sourceTree = "<group>"; };
		034447E01C6CD23A00363454 /* MessageTests.swift */ = {isa = PBXFileReference; fileEncoding = 4; lastKnownFileType = sourcecode.swift; path = MessageTests.swift; sourceTree = "<group>"; };
		034447E21C6CD26800363454 /* message.json */ = {isa = PBXFileReference; fileEncoding = 4; lastKnownFileType = text.json; path = message.json; sourceTree = "<group>"; };
		034447E81C6CF30900363454 /* SmoopeSDK.podspec */ = {isa = PBXFileReference; fileEncoding = 4; lastKnownFileType = text; name = SmoopeSDK.podspec; path = ../SmoopeSDK.podspec; sourceTree = "<group>"; };
		03D8F2431C6C614D00EB3425 /* business.json */ = {isa = PBXFileReference; fileEncoding = 4; lastKnownFileType = text.json; path = business.json; sourceTree = "<group>"; };
		03D8F2441C6C614D00EB3425 /* BusinessTests.swift */ = {isa = PBXFileReference; fileEncoding = 4; lastKnownFileType = sourcecode.swift; path = BusinessTests.swift; sourceTree = "<group>"; };
		03D8F24C1C6C633E00EB3425 /* ios_sdk.framework */ = {isa = PBXFileReference; lastKnownFileType = wrapper.framework; name = ios_sdk.framework; path = "Pods/../build/Debug-iphoneos/ios_sdk.framework"; sourceTree = "<group>"; };
		03D8F24E1C6C63E500EB3425 /* BaseTests.swift */ = {isa = PBXFileReference; fileEncoding = 4; lastKnownFileType = sourcecode.swift; path = BaseTests.swift; sourceTree = "<group>"; };
		03D8F2501C6C7CEC00EB3425 /* NOTICE */ = {isa = PBXFileReference; fileEncoding = 4; lastKnownFileType = text; name = NOTICE; path = ../NOTICE; sourceTree = "<group>"; };
		03D8F25A1C6C855A00EB3425 /* conversation.json */ = {isa = PBXFileReference; fileEncoding = 4; lastKnownFileType = text.json; path = conversation.json; sourceTree = "<group>"; };
		03D8F25C1C6C85B800EB3425 /* ConversationTests.swift */ = {isa = PBXFileReference; fileEncoding = 4; lastKnownFileType = sourcecode.swift; path = ConversationTests.swift; sourceTree = "<group>"; };
		03D8F2671C6C8E1C00EB3425 /* user.json */ = {isa = PBXFileReference; fileEncoding = 4; lastKnownFileType = text.json; path = user.json; sourceTree = "<group>"; };
		03D8F2691C6C8E4A00EB3425 /* UserTests.swift */ = {isa = PBXFileReference; fileEncoding = 4; lastKnownFileType = sourcecode.swift; path = UserTests.swift; sourceTree = "<group>"; };
		03D8F26E1C6C8FA000EB3425 /* smartConnect.json */ = {isa = PBXFileReference; fileEncoding = 4; lastKnownFileType = text.json; path = smartConnect.json; sourceTree = "<group>"; };
		03D8F2701C6C901200EB3425 /* SmartConnectTests.swift */ = {isa = PBXFileReference; fileEncoding = 4; lastKnownFileType = sourcecode.swift; path = SmartConnectTests.swift; sourceTree = "<group>"; };
		03D8F2761C6C919100EB3425 /* bot.json */ = {isa = PBXFileReference; fileEncoding = 4; lastKnownFileType = text.json; path = bot.json; sourceTree = "<group>"; };
		03D8F2781C6C91AB00EB3425 /* BotTests.swift */ = {isa = PBXFileReference; fileEncoding = 4; lastKnownFileType = sourcecode.swift; path = BotTests.swift; sourceTree = "<group>"; };
		03D8F27C1C6CA28D00EB3425 /* person.json */ = {isa = PBXFileReference; fileEncoding = 4; lastKnownFileType = text.json; path = person.json; sourceTree = "<group>"; };
		03D8F27E1C6CA2E900EB3425 /* PersonTests.swift */ = {isa = PBXFileReference; fileEncoding = 4; lastKnownFileType = sourcecode.swift; path = PersonTests.swift; sourceTree = "<group>"; };
		03D8F2821C6CAFFF00EB3425 /* notificationSettings.json */ = {isa = PBXFileReference; fileEncoding = 4; lastKnownFileType = text.json; path = notificationSettings.json; sourceTree = "<group>"; };
		03D8F2841C6CB01D00EB3425 /* NotificationSettingsTest.swift */ = {isa = PBXFileReference; fileEncoding = 4; lastKnownFileType = sourcecode.swift; path = NotificationSettingsTest.swift; sourceTree = "<group>"; };
		03E55F6C1C7C83730088008F /* UserMetadataTests.swift */ = {isa = PBXFileReference; fileEncoding = 4; lastKnownFileType = sourcecode.swift; path = UserMetadataTests.swift; sourceTree = "<group>"; };
		03E55F6E1C7C84420088008F /* userMetadata.json */ = {isa = PBXFileReference; fileEncoding = 4; lastKnownFileType = text.json; path = userMetadata.json; sourceTree = "<group>"; };
		2EC014E6D7CB43A877408049 /* Pods-ios-sdk_Tests.release.xcconfig */ = {isa = PBXFileReference; includeInIndex = 1; lastKnownFileType = text.xcconfig; name = "Pods-ios-sdk_Tests.release.xcconfig"; path = "Pods/Target Support Files/Pods-ios-sdk_Tests/Pods-ios-sdk_Tests.release.xcconfig"; sourceTree = "<group>"; };
		607FACD01AFB9204008FA782 /* ios-sdk_Example.app */ = {isa = PBXFileReference; explicitFileType = wrapper.application; includeInIndex = 0; path = "ios-sdk_Example.app"; sourceTree = BUILT_PRODUCTS_DIR; };
		607FACD41AFB9204008FA782 /* Info.plist */ = {isa = PBXFileReference; lastKnownFileType = text.plist.xml; path = Info.plist; sourceTree = "<group>"; };
		607FACD51AFB9204008FA782 /* AppDelegate.swift */ = {isa = PBXFileReference; lastKnownFileType = sourcecode.swift; path = AppDelegate.swift; sourceTree = "<group>"; };
		607FACD71AFB9204008FA782 /* ViewController.swift */ = {isa = PBXFileReference; lastKnownFileType = sourcecode.swift; path = ViewController.swift; sourceTree = "<group>"; };
		607FACDA1AFB9204008FA782 /* Base */ = {isa = PBXFileReference; lastKnownFileType = file.storyboard; name = Base; path = Base.lproj/Main.storyboard; sourceTree = "<group>"; };
		607FACDC1AFB9204008FA782 /* Images.xcassets */ = {isa = PBXFileReference; lastKnownFileType = folder.assetcatalog; path = Images.xcassets; sourceTree = "<group>"; };
		607FACDF1AFB9204008FA782 /* Base */ = {isa = PBXFileReference; lastKnownFileType = file.xib; name = Base; path = Base.lproj/LaunchScreen.xib; sourceTree = "<group>"; };
		607FACE51AFB9204008FA782 /* ios-sdk_Tests.xctest */ = {isa = PBXFileReference; explicitFileType = wrapper.cfbundle; includeInIndex = 0; path = "ios-sdk_Tests.xctest"; sourceTree = BUILT_PRODUCTS_DIR; };
		607FACEA1AFB9204008FA782 /* Info.plist */ = {isa = PBXFileReference; lastKnownFileType = text.plist.xml; path = Info.plist; sourceTree = "<group>"; };
		651FBBFED78E898193D6D411 /* Pods_ios_sdk_Tests.framework */ = {isa = PBXFileReference; explicitFileType = wrapper.framework; includeInIndex = 0; path = Pods_ios_sdk_Tests.framework; sourceTree = BUILT_PRODUCTS_DIR; };
		8E2AA90BB1CF42C1CF631B2B /* Pods-ios-sdk_Example.debug.xcconfig */ = {isa = PBXFileReference; includeInIndex = 1; lastKnownFileType = text.xcconfig; name = "Pods-ios-sdk_Example.debug.xcconfig"; path = "Pods/Target Support Files/Pods-ios-sdk_Example/Pods-ios-sdk_Example.debug.xcconfig"; sourceTree = "<group>"; };
		9106360E3826092E7BB13815 /* Pods-ios-sdk_Tests.debug.xcconfig */ = {isa = PBXFileReference; includeInIndex = 1; lastKnownFileType = text.xcconfig; name = "Pods-ios-sdk_Tests.debug.xcconfig"; path = "Pods/Target Support Files/Pods-ios-sdk_Tests/Pods-ios-sdk_Tests.debug.xcconfig"; sourceTree = "<group>"; };
		BFBFC9767A9C37EB29F708C2 /* LICENSE */ = {isa = PBXFileReference; includeInIndex = 1; lastKnownFileType = text; name = LICENSE; path = ../LICENSE; sourceTree = "<group>"; };
		CC1F402118082A26FA064984 /* Pods-ios-sdk_Example.release.xcconfig */ = {isa = PBXFileReference; includeInIndex = 1; lastKnownFileType = text.xcconfig; name = "Pods-ios-sdk_Example.release.xcconfig"; path = "Pods/Target Support Files/Pods-ios-sdk_Example/Pods-ios-sdk_Example.release.xcconfig"; sourceTree = "<group>"; };
		EAAD529B037363473E3FC24B /* Pods_ios_sdk_Example.framework */ = {isa = PBXFileReference; explicitFileType = wrapper.framework; includeInIndex = 0; path = Pods_ios_sdk_Example.framework; sourceTree = BUILT_PRODUCTS_DIR; };
		F0AB0D201D97974F5AABF3AD /* Pods.framework */ = {isa = PBXFileReference; explicitFileType = wrapper.framework; includeInIndex = 0; path = Pods.framework; sourceTree = BUILT_PRODUCTS_DIR; };
/* End PBXFileReference section */

/* Begin PBXFrameworksBuildPhase section */
		607FACCD1AFB9204008FA782 /* Frameworks */ = {
			isa = PBXFrameworksBuildPhase;
			buildActionMask = 2147483647;
			files = (
				E89D69743F4838A8299CD5E8 /* Pods_ios_sdk_Example.framework in Frameworks */,
				79B89A946F94F10AA17E4967 /* Pods.framework in Frameworks */,
			);
			runOnlyForDeploymentPostprocessing = 0;
		};
		607FACE21AFB9204008FA782 /* Frameworks */ = {
			isa = PBXFrameworksBuildPhase;
			buildActionMask = 2147483647;
			files = (
				24F9D6F8E73116E965F7D60C /* Pods_ios_sdk_Tests.framework in Frameworks */,
			);
			runOnlyForDeploymentPostprocessing = 0;
		};
/* End PBXFrameworksBuildPhase section */

/* Begin PBXGroup section */
		03D8F2471C6C615000EB3425 /* Resources */ = {
			isa = PBXGroup;
			children = (
				03E55F6E1C7C84420088008F /* userMetadata.json */,
				03D8F2431C6C614D00EB3425 /* business.json */,
				03D8F25A1C6C855A00EB3425 /* conversation.json */,
				03D8F2671C6C8E1C00EB3425 /* user.json */,
				03D8F26E1C6C8FA000EB3425 /* smartConnect.json */,
				03D8F2761C6C919100EB3425 /* bot.json */,
				03D8F27C1C6CA28D00EB3425 /* person.json */,
				03D8F2821C6CAFFF00EB3425 /* notificationSettings.json */,
				034447C61C6CC6DB00363454 /* users.json */,
				034447CF1C6CCBBB00363454 /* smartConnects.json */,
				034447D11C6CCD3F00363454 /* businesses.json */,
				034447D31C6CCE0200363454 /* conversations.json */,
				034447DD1C6CD1C100363454 /* messages.json */,
				034447E21C6CD26800363454 /* message.json */,
				031CD6911C721520002523B4 /* invitations.json */,
				031CD6951C7215C0002523B4 /* invitation.json */,
			);
			name = Resources;
			sourceTree = "<group>";
		};
		2A20ED2F160EF92E64727EE7 /* Frameworks */ = {
			isa = PBXGroup;
			children = (
				03D8F24C1C6C633E00EB3425 /* ios_sdk.framework */,
				EAAD529B037363473E3FC24B /* Pods_ios_sdk_Example.framework */,
				651FBBFED78E898193D6D411 /* Pods_ios_sdk_Tests.framework */,
				F0AB0D201D97974F5AABF3AD /* Pods.framework */,
			);
			name = Frameworks;
			sourceTree = "<group>";
		};
		607FACC71AFB9204008FA782 = {
			isa = PBXGroup;
			children = (
				607FACF51AFB993E008FA782 /* Podspec Metadata */,
				607FACD21AFB9204008FA782 /* Example */,
				607FACE81AFB9204008FA782 /* Tests */,
				826A0A400761CD7A6324AF63 /* Pods */,
				2A20ED2F160EF92E64727EE7 /* Frameworks */,
			);
			sourceTree = "<group>";
		};
		607FACD11AFB9204008FA782 /* Products */ = {
			isa = PBXGroup;
			children = (
				607FACD01AFB9204008FA782 /* ios-sdk_Example.app */,
				607FACE51AFB9204008FA782 /* ios-sdk_Tests.xctest */,
			);
			name = Products;
			path = ..;
			sourceTree = "<group>";
		};
		607FACD21AFB9204008FA782 /* Example */ = {
			isa = PBXGroup;
			children = (
				607FACD51AFB9204008FA782 /* AppDelegate.swift */,
				607FACD71AFB9204008FA782 /* ViewController.swift */,
				607FACD91AFB9204008FA782 /* Main.storyboard */,
				607FACDC1AFB9204008FA782 /* Images.xcassets */,
				607FACDE1AFB9204008FA782 /* LaunchScreen.xib */,
				607FACD31AFB9204008FA782 /* Supporting Files */,
			);
			name = Example;
			path = "ios-sdk";
			sourceTree = "<group>";
		};
		607FACD31AFB9204008FA782 /* Supporting Files */ = {
			isa = PBXGroup;
			children = (
				607FACD41AFB9204008FA782 /* Info.plist */,
			);
			name = "Supporting Files";
			sourceTree = "<group>";
		};
		607FACE81AFB9204008FA782 /* Tests */ = {
			isa = PBXGroup;
			children = (
				03D8F2471C6C615000EB3425 /* Resources */,
				03D8F2441C6C614D00EB3425 /* BusinessTests.swift */,
				607FACE91AFB9204008FA782 /* Supporting Files */,
				03D8F24E1C6C63E500EB3425 /* BaseTests.swift */,
				03D8F25C1C6C85B800EB3425 /* ConversationTests.swift */,
				03D8F2691C6C8E4A00EB3425 /* UserTests.swift */,
				03D8F2701C6C901200EB3425 /* SmartConnectTests.swift */,
				03D8F2781C6C91AB00EB3425 /* BotTests.swift */,
				03D8F27E1C6CA2E900EB3425 /* PersonTests.swift */,
				03D8F2841C6CB01D00EB3425 /* NotificationSettingsTest.swift */,
				607FACD11AFB9204008FA782 /* Products */,
				034447E01C6CD23A00363454 /* MessageTests.swift */,
				031CD6931C72158D002523B4 /* InvitationTests.swift */,
				03E55F6C1C7C83730088008F /* UserMetadataTests.swift */,
			);
			path = Tests;
			sourceTree = "<group>";
		};
		607FACE91AFB9204008FA782 /* Supporting Files */ = {
			isa = PBXGroup;
			children = (
				607FACEA1AFB9204008FA782 /* Info.plist */,
			);
			name = "Supporting Files";
			sourceTree = "<group>";
		};
		607FACF51AFB993E008FA782 /* Podspec Metadata */ = {
			isa = PBXGroup;
			children = (
				034447E81C6CF30900363454 /* SmoopeSDK.podspec */,
				BFBFC9767A9C37EB29F708C2 /* LICENSE */,
				03D8F2501C6C7CEC00EB3425 /* NOTICE */,
			);
			name = "Podspec Metadata";
			sourceTree = "<group>";
		};
		826A0A400761CD7A6324AF63 /* Pods */ = {
			isa = PBXGroup;
			children = (
				8E2AA90BB1CF42C1CF631B2B /* Pods-ios-sdk_Example.debug.xcconfig */,
				CC1F402118082A26FA064984 /* Pods-ios-sdk_Example.release.xcconfig */,
				9106360E3826092E7BB13815 /* Pods-ios-sdk_Tests.debug.xcconfig */,
				2EC014E6D7CB43A877408049 /* Pods-ios-sdk_Tests.release.xcconfig */,
			);
			name = Pods;
			sourceTree = "<group>";
		};
/* End PBXGroup section */

/* Begin PBXNativeTarget section */
		607FACCF1AFB9204008FA782 /* ios-sdk_Example */ = {
			isa = PBXNativeTarget;
			buildConfigurationList = 607FACEF1AFB9204008FA782 /* Build configuration list for PBXNativeTarget "ios-sdk_Example" */;
			buildPhases = (
				44E9D6B65EDED0FA659A2C10 /* Check Pods Manifest.lock */,
				607FACCC1AFB9204008FA782 /* Sources */,
				607FACCD1AFB9204008FA782 /* Frameworks */,
				607FACCE1AFB9204008FA782 /* Resources */,
				1B71C6D40BA24DD7FDED99FE /* Embed Pods Frameworks */,
				8200B2A2B33EFF460086D37E /* Copy Pods Resources */,
			);
			buildRules = (
			);
			dependencies = (
			);
			name = "ios-sdk_Example";
			productName = "ios-sdk";
			productReference = 607FACD01AFB9204008FA782 /* ios-sdk_Example.app */;
			productType = "com.apple.product-type.application";
		};
		607FACE41AFB9204008FA782 /* ios-sdk_Tests */ = {
			isa = PBXNativeTarget;
			buildConfigurationList = 607FACF21AFB9204008FA782 /* Build configuration list for PBXNativeTarget "ios-sdk_Tests" */;
			buildPhases = (
				02343E1C50ED2F2E1E95CB40 /* Check Pods Manifest.lock */,
				607FACE11AFB9204008FA782 /* Sources */,
				607FACE21AFB9204008FA782 /* Frameworks */,
				607FACE31AFB9204008FA782 /* Resources */,
				F175C7E1FB03FBCA80A6A1B2 /* Embed Pods Frameworks */,
				E10BA53AA2957D4F8405970D /* Copy Pods Resources */,
			);
			buildRules = (
			);
			dependencies = (
				607FACE71AFB9204008FA782 /* PBXTargetDependency */,
			);
			name = "ios-sdk_Tests";
			productName = Tests;
			productReference = 607FACE51AFB9204008FA782 /* ios-sdk_Tests.xctest */;
			productType = "com.apple.product-type.bundle.unit-test";
		};
/* End PBXNativeTarget section */

/* Begin PBXProject section */
		607FACC81AFB9204008FA782 /* Project object */ = {
			isa = PBXProject;
			attributes = {
				LastSwiftUpdateCheck = 0720;
				LastUpgradeCheck = 0720;
				ORGANIZATIONNAME = CocoaPods;
				TargetAttributes = {
					607FACCF1AFB9204008FA782 = {
						CreatedOnToolsVersion = 6.3.1;
					};
					607FACE41AFB9204008FA782 = {
						CreatedOnToolsVersion = 6.3.1;
					};
				};
			};
			buildConfigurationList = 607FACCB1AFB9204008FA782 /* Build configuration list for PBXProject "ios-sdk" */;
			compatibilityVersion = "Xcode 3.2";
			developmentRegion = English;
			hasScannedForEncodings = 0;
			knownRegions = (
				en,
				Base,
			);
			mainGroup = 607FACC71AFB9204008FA782;
			productRefGroup = 607FACD11AFB9204008FA782 /* Products */;
			projectDirPath = "";
			projectRoot = "";
			targets = (
				607FACCF1AFB9204008FA782 /* ios-sdk_Example */,
				607FACE41AFB9204008FA782 /* ios-sdk_Tests */,
			);
		};
/* End PBXProject section */

/* Begin PBXResourcesBuildPhase section */
		607FACCE1AFB9204008FA782 /* Resources */ = {
			isa = PBXResourcesBuildPhase;
			buildActionMask = 2147483647;
			files = (
				03D8F2511C6C7CEC00EB3425 /* NOTICE in Resources */,
				607FACDB1AFB9204008FA782 /* Main.storyboard in Resources */,
				034447E91C6CF30900363454 /* SmoopeSDK.podspec in Resources */,
				607FACE01AFB9204008FA782 /* LaunchScreen.xib in Resources */,
				607FACDD1AFB9204008FA782 /* Images.xcassets in Resources */,
			);
			runOnlyForDeploymentPostprocessing = 0;
		};
		607FACE31AFB9204008FA782 /* Resources */ = {
			isa = PBXResourcesBuildPhase;
			buildActionMask = 2147483647;
			files = (
				03D8F2831C6CAFFF00EB3425 /* notificationSettings.json in Resources */,
				031CD6961C7215C0002523B4 /* invitation.json in Resources */,
				03D8F27D1C6CA28D00EB3425 /* person.json in Resources */,
				03D8F26B1C6C8E7200EB3425 /* user.json in Resources */,
				03D8F2601C6C868300EB3425 /* conversation.json in Resources */,
				034447C81C6CC7B000363454 /* users.json in Resources */,
				034447DF1C6CD22B00363454 /* messages.json in Resources */,
				031CD6921C721520002523B4 /* invitations.json in Resources */,
				034447D41C6CCE0200363454 /* conversations.json in Resources */,
				03E55F701C7C84450088008F /* userMetadata.json in Resources */,
				034447D21C6CCD3F00363454 /* businesses.json in Resources */,
				03D8F26F1C6C8FA000EB3425 /* smartConnect.json in Resources */,
				034447E31C6CD26800363454 /* message.json in Resources */,
				03D8F2771C6C919100EB3425 /* bot.json in Resources */,
				034447D01C6CCBBB00363454 /* smartConnects.json in Resources */,
				03D8F24A1C6C618200EB3425 /* business.json in Resources */,
			);
			runOnlyForDeploymentPostprocessing = 0;
		};
/* End PBXResourcesBuildPhase section */

/* Begin PBXShellScriptBuildPhase section */
		02343E1C50ED2F2E1E95CB40 /* Check Pods Manifest.lock */ = {
			isa = PBXShellScriptBuildPhase;
			buildActionMask = 2147483647;
			files = (
			);
			inputPaths = (
			);
			name = "Check Pods Manifest.lock";
			outputPaths = (
			);
			runOnlyForDeploymentPostprocessing = 0;
			shellPath = /bin/sh;
			shellScript = "diff \"${PODS_ROOT}/../Podfile.lock\" \"${PODS_ROOT}/Manifest.lock\" > /dev/null\nif [[ $? != 0 ]] ; then\n    cat << EOM\nerror: The sandbox is not in sync with the Podfile.lock. Run 'pod install' or update your CocoaPods installation.\nEOM\n    exit 1\nfi\n";
			showEnvVarsInLog = 0;
		};
		1B71C6D40BA24DD7FDED99FE /* Embed Pods Frameworks */ = {
			isa = PBXShellScriptBuildPhase;
			buildActionMask = 2147483647;
			files = (
			);
			inputPaths = (
			);
			name = "Embed Pods Frameworks";
			outputPaths = (
			);
			runOnlyForDeploymentPostprocessing = 0;
			shellPath = /bin/sh;
			shellScript = "\"${SRCROOT}/Pods/Target Support Files/Pods/Pods-frameworks.sh\"\n";
			showEnvVarsInLog = 0;
		};
		44E9D6B65EDED0FA659A2C10 /* Check Pods Manifest.lock */ = {
			isa = PBXShellScriptBuildPhase;
			buildActionMask = 2147483647;
			files = (
			);
			inputPaths = (
			);
			name = "Check Pods Manifest.lock";
			outputPaths = (
			);
			runOnlyForDeploymentPostprocessing = 0;
			shellPath = /bin/sh;
			shellScript = "diff \"${PODS_ROOT}/../Podfile.lock\" \"${PODS_ROOT}/Manifest.lock\" > /dev/null\nif [[ $? != 0 ]] ; then\n    cat << EOM\nerror: The sandbox is not in sync with the Podfile.lock. Run 'pod install' or update your CocoaPods installation.\nEOM\n    exit 1\nfi\n";
			showEnvVarsInLog = 0;
		};
		8200B2A2B33EFF460086D37E /* Copy Pods Resources */ = {
			isa = PBXShellScriptBuildPhase;
			buildActionMask = 2147483647;
			files = (
			);
			inputPaths = (
			);
			name = "Copy Pods Resources";
			outputPaths = (
			);
			runOnlyForDeploymentPostprocessing = 0;
			shellPath = /bin/sh;
			shellScript = "\"${SRCROOT}/Pods/Target Support Files/Pods-ios-sdk_Example/Pods-ios-sdk_Example-resources.sh\"\n";
			showEnvVarsInLog = 0;
		};
		E10BA53AA2957D4F8405970D /* Copy Pods Resources */ = {
			isa = PBXShellScriptBuildPhase;
			buildActionMask = 2147483647;
			files = (
			);
			inputPaths = (
			);
			name = "Copy Pods Resources";
			outputPaths = (
			);
			runOnlyForDeploymentPostprocessing = 0;
			shellPath = /bin/sh;
			shellScript = "\"${SRCROOT}/Pods/Target Support Files/Pods-ios-sdk_Tests/Pods-ios-sdk_Tests-resources.sh\"\n";
			showEnvVarsInLog = 0;
		};
		F175C7E1FB03FBCA80A6A1B2 /* Embed Pods Frameworks */ = {
			isa = PBXShellScriptBuildPhase;
			buildActionMask = 2147483647;
			files = (
			);
			inputPaths = (
			);
			name = "Embed Pods Frameworks";
			outputPaths = (
			);
			runOnlyForDeploymentPostprocessing = 0;
			shellPath = /bin/sh;
			shellScript = "\"${SRCROOT}/Pods/Target Support Files/Pods-ios-sdk_Tests/Pods-ios-sdk_Tests-frameworks.sh\"\n";
			showEnvVarsInLog = 0;
		};
/* End PBXShellScriptBuildPhase section */

/* Begin PBXSourcesBuildPhase section */
		607FACCC1AFB9204008FA782 /* Sources */ = {
			isa = PBXSourcesBuildPhase;
			buildActionMask = 2147483647;
			files = (
				607FACD81AFB9204008FA782 /* ViewController.swift in Sources */,
				607FACD61AFB9204008FA782 /* AppDelegate.swift in Sources */,
			);
			runOnlyForDeploymentPostprocessing = 0;
		};
		607FACE11AFB9204008FA782 /* Sources */ = {
			isa = PBXSourcesBuildPhase;
			buildActionMask = 2147483647;
			files = (
				03D8F2711C6C901200EB3425 /* SmartConnectTests.swift in Sources */,
				03E55F6D1C7C83730088008F /* UserMetadataTests.swift in Sources */,
				03D8F2851C6CB01D00EB3425 /* NotificationSettingsTest.swift in Sources */,
				03D8F26A1C6C8E4A00EB3425 /* UserTests.swift in Sources */,
				03D8F27F1C6CA2E900EB3425 /* PersonTests.swift in Sources */,
				034447E11C6CD23A00363454 /* MessageTests.swift in Sources */,
				03D8F24F1C6C63E500EB3425 /* BaseTests.swift in Sources */,
				03D8F2791C6C91AB00EB3425 /* BotTests.swift in Sources */,
				03D8F25D1C6C85B800EB3425 /* ConversationTests.swift in Sources */,
				031CD6941C72158D002523B4 /* InvitationTests.swift in Sources */,
				03D8F24B1C6C618500EB3425 /* BusinessTests.swift in Sources */,
			);
			runOnlyForDeploymentPostprocessing = 0;
		};
/* End PBXSourcesBuildPhase section */

/* Begin PBXTargetDependency section */
		607FACE71AFB9204008FA782 /* PBXTargetDependency */ = {
			isa = PBXTargetDependency;
			target = 607FACCF1AFB9204008FA782 /* ios-sdk_Example */;
			targetProxy = 607FACE61AFB9204008FA782 /* PBXContainerItemProxy */;
		};
/* End PBXTargetDependency section */

/* Begin PBXVariantGroup section */
		607FACD91AFB9204008FA782 /* Main.storyboard */ = {
			isa = PBXVariantGroup;
			children = (
				607FACDA1AFB9204008FA782 /* Base */,
			);
			name = Main.storyboard;
			sourceTree = "<group>";
		};
		607FACDE1AFB9204008FA782 /* LaunchScreen.xib */ = {
			isa = PBXVariantGroup;
			children = (
				607FACDF1AFB9204008FA782 /* Base */,
			);
			name = LaunchScreen.xib;
			sourceTree = "<group>";
		};
/* End PBXVariantGroup section */

/* Begin XCBuildConfiguration section */
		607FACED1AFB9204008FA782 /* Debug */ = {
			isa = XCBuildConfiguration;
			buildSettings = {
				ALWAYS_SEARCH_USER_PATHS = NO;
				CLANG_CXX_LANGUAGE_STANDARD = "gnu++0x";
				CLANG_CXX_LIBRARY = "libc++";
				CLANG_ENABLE_MODULES = YES;
				CLANG_ENABLE_OBJC_ARC = YES;
				CLANG_WARN_BOOL_CONVERSION = YES;
				CLANG_WARN_CONSTANT_CONVERSION = YES;
				CLANG_WARN_DIRECT_OBJC_ISA_USAGE = YES_ERROR;
				CLANG_WARN_EMPTY_BODY = YES;
				CLANG_WARN_ENUM_CONVERSION = YES;
				CLANG_WARN_INT_CONVERSION = YES;
				CLANG_WARN_OBJC_ROOT_CLASS = YES_ERROR;
				CLANG_WARN_UNREACHABLE_CODE = YES;
				CLANG_WARN__DUPLICATE_METHOD_MATCH = YES;
				"CODE_SIGN_IDENTITY[sdk=iphoneos*]" = "iPhone Developer";
				COPY_PHASE_STRIP = NO;
				DEBUG_INFORMATION_FORMAT = "dwarf-with-dsym";
				ENABLE_STRICT_OBJC_MSGSEND = YES;
				ENABLE_TESTABILITY = YES;
				GCC_C_LANGUAGE_STANDARD = gnu99;
				GCC_DYNAMIC_NO_PIC = NO;
				GCC_NO_COMMON_BLOCKS = YES;
				GCC_OPTIMIZATION_LEVEL = 0;
				GCC_PREPROCESSOR_DEFINITIONS = (
					"DEBUG=1",
					"$(inherited)",
				);
				GCC_SYMBOLS_PRIVATE_EXTERN = NO;
				GCC_WARN_64_TO_32_BIT_CONVERSION = YES;
				GCC_WARN_ABOUT_RETURN_TYPE = YES_ERROR;
				GCC_WARN_UNDECLARED_SELECTOR = YES;
				GCC_WARN_UNINITIALIZED_AUTOS = YES_AGGRESSIVE;
				GCC_WARN_UNUSED_FUNCTION = YES;
				GCC_WARN_UNUSED_VARIABLE = YES;
				IPHONEOS_DEPLOYMENT_TARGET = 8.3;
				MTL_ENABLE_DEBUG_INFO = YES;
				ONLY_ACTIVE_ARCH = YES;
				SDKROOT = iphoneos;
				SWIFT_OPTIMIZATION_LEVEL = "-Onone";
			};
			name = Debug;
		};
		607FACEE1AFB9204008FA782 /* Release */ = {
			isa = XCBuildConfiguration;
			buildSettings = {
				ALWAYS_SEARCH_USER_PATHS = NO;
				CLANG_CXX_LANGUAGE_STANDARD = "gnu++0x";
				CLANG_CXX_LIBRARY = "libc++";
				CLANG_ENABLE_MODULES = YES;
				CLANG_ENABLE_OBJC_ARC = YES;
				CLANG_WARN_BOOL_CONVERSION = YES;
				CLANG_WARN_CONSTANT_CONVERSION = YES;
				CLANG_WARN_DIRECT_OBJC_ISA_USAGE = YES_ERROR;
				CLANG_WARN_EMPTY_BODY = YES;
				CLANG_WARN_ENUM_CONVERSION = YES;
				CLANG_WARN_INT_CONVERSION = YES;
				CLANG_WARN_OBJC_ROOT_CLASS = YES_ERROR;
				CLANG_WARN_UNREACHABLE_CODE = YES;
				CLANG_WARN__DUPLICATE_METHOD_MATCH = YES;
				"CODE_SIGN_IDENTITY[sdk=iphoneos*]" = "iPhone Developer";
				COPY_PHASE_STRIP = NO;
				DEBUG_INFORMATION_FORMAT = "dwarf-with-dsym";
				ENABLE_NS_ASSERTIONS = NO;
				ENABLE_STRICT_OBJC_MSGSEND = YES;
				GCC_C_LANGUAGE_STANDARD = gnu99;
				GCC_NO_COMMON_BLOCKS = YES;
				GCC_WARN_64_TO_32_BIT_CONVERSION = YES;
				GCC_WARN_ABOUT_RETURN_TYPE = YES_ERROR;
				GCC_WARN_UNDECLARED_SELECTOR = YES;
				GCC_WARN_UNINITIALIZED_AUTOS = YES_AGGRESSIVE;
				GCC_WARN_UNUSED_FUNCTION = YES;
				GCC_WARN_UNUSED_VARIABLE = YES;
				IPHONEOS_DEPLOYMENT_TARGET = 8.3;
				MTL_ENABLE_DEBUG_INFO = NO;
				SDKROOT = iphoneos;
				VALIDATE_PRODUCT = YES;
			};
			name = Release;
		};
		607FACF01AFB9204008FA782 /* Debug */ = {
			isa = XCBuildConfiguration;
			baseConfigurationReference = 8E2AA90BB1CF42C1CF631B2B /* Pods-ios-sdk_Example.debug.xcconfig */;
			buildSettings = {
				ASSETCATALOG_COMPILER_APPICON_NAME = AppIcon;
				INFOPLIST_FILE = "ios-sdk/Info.plist";
				LD_RUNPATH_SEARCH_PATHS = "$(inherited) @executable_path/Frameworks";
				MODULE_NAME = ExampleApp;
				PRODUCT_BUNDLE_IDENTIFIER = "org.cocoapods.demo.$(PRODUCT_NAME:rfc1034identifier)";
				PRODUCT_NAME = "$(TARGET_NAME)";
			};
			name = Debug;
		};
		607FACF11AFB9204008FA782 /* Release */ = {
			isa = XCBuildConfiguration;
			baseConfigurationReference = CC1F402118082A26FA064984 /* Pods-ios-sdk_Example.release.xcconfig */;
			buildSettings = {
				ASSETCATALOG_COMPILER_APPICON_NAME = AppIcon;
				INFOPLIST_FILE = "ios-sdk/Info.plist";
				LD_RUNPATH_SEARCH_PATHS = "$(inherited) @executable_path/Frameworks";
				MODULE_NAME = ExampleApp;
				PRODUCT_BUNDLE_IDENTIFIER = "org.cocoapods.demo.$(PRODUCT_NAME:rfc1034identifier)";
				PRODUCT_NAME = "$(TARGET_NAME)";
			};
			name = Release;
		};
		607FACF31AFB9204008FA782 /* Debug */ = {
			isa = XCBuildConfiguration;
			baseConfigurationReference = 9106360E3826092E7BB13815 /* Pods-ios-sdk_Tests.debug.xcconfig */;
			buildSettings = {
				FRAMEWORK_SEARCH_PATHS = (
					"$(inherited)",
				);
				GCC_PREPROCESSOR_DEFINITIONS = (
					"DEBUG=1",
					"$(inherited)",
				);
				INFOPLIST_FILE = Tests/Info.plist;
				LD_RUNPATH_SEARCH_PATHS = "$(inherited) @executable_path/Frameworks @loader_path/Frameworks";
				PRODUCT_BUNDLE_IDENTIFIER = "org.cocoapods.$(PRODUCT_NAME:rfc1034identifier)";
				PRODUCT_NAME = "$(TARGET_NAME)";
			};
			name = Debug;
		};
		607FACF41AFB9204008FA782 /* Release */ = {
			isa = XCBuildConfiguration;
			baseConfigurationReference = 2EC014E6D7CB43A877408049 /* Pods-ios-sdk_Tests.release.xcconfig */;
			buildSettings = {
				FRAMEWORK_SEARCH_PATHS = (
					"$(inherited)",
				);
				INFOPLIST_FILE = Tests/Info.plist;
				LD_RUNPATH_SEARCH_PATHS = "$(inherited) @executable_path/Frameworks @loader_path/Frameworks";
				PRODUCT_BUNDLE_IDENTIFIER = "org.cocoapods.$(PRODUCT_NAME:rfc1034identifier)";
				PRODUCT_NAME = "$(TARGET_NAME)";
			};
			name = Release;
		};
/* End XCBuildConfiguration section */

/* Begin XCConfigurationList section */
		607FACCB1AFB9204008FA782 /* Build configuration list for PBXProject "ios-sdk" */ = {
			isa = XCConfigurationList;
			buildConfigurations = (
				607FACED1AFB9204008FA782 /* Debug */,
				607FACEE1AFB9204008FA782 /* Release */,
			);
			defaultConfigurationIsVisible = 0;
			defaultConfigurationName = Release;
		};
		607FACEF1AFB9204008FA782 /* Build configuration list for PBXNativeTarget "ios-sdk_Example" */ = {
			isa = XCConfigurationList;
			buildConfigurations = (
				607FACF01AFB9204008FA782 /* Debug */,
				607FACF11AFB9204008FA782 /* Release */,
			);
			defaultConfigurationIsVisible = 0;
			defaultConfigurationName = Release;
		};
		607FACF21AFB9204008FA782 /* Build configuration list for PBXNativeTarget "ios-sdk_Tests" */ = {
			isa = XCConfigurationList;
			buildConfigurations = (
				607FACF31AFB9204008FA782 /* Debug */,
				607FACF41AFB9204008FA782 /* Release */,
			);
			defaultConfigurationIsVisible = 0;
			defaultConfigurationName = Release;
		};
/* End XCConfigurationList section */
	};
	rootObject = 607FACC81AFB9204008FA782 /* Project object */;
}
